{
  "name": "gmc2-backend",
  "version": "1.0.0",
  "lockfileVersion": 1,
  "requires": true,
  "dependencies": {
    "@prisma/cli": {
      "version": "2.8.0",
      "resolved": "https://registry.npmjs.org/@prisma/cli/-/cli-2.8.0.tgz",
      "integrity": "sha512-Kg1C47d75jdEIMmJif8TMlv/2Ihx08E1qWp0euwoZhjd807HGnjgC9tJYjTfkdf+NMJSAUbvoPXKInEX0HoOMw==",
      "dev": true
    }
  }
}
